
Microsoft Visual Studio Solution File, Format Version 12.00
# Visual Studio 15
VisualStudioVersion = 15.0.27130.2024
MinimumVisualStudioVersion = 10.0.40219.1
Project("{9A19103F-16F7-4668-BE54-9A1E7A4F7556}") = "Expense_Tracker_ASPCore", "Expense_Tracker_ASPCore.csproj", "{FD126561-119C-46D8-8545-5DA5DDFB8A3A}"
EndProject
Global
	GlobalSection(SolutionConfigurationPlatforms) = preSolution
		Debug|Any CPU = Debug|Any CPU
		Release|Any CPU = Release|Any CPU
	EndGlobalSection
	GlobalSection(ProjectConfigurationPlatforms) = postSolution
		{FD126561-119C-46D8-8545-5DA5DDFB8A3A}.Debug|Any CPU.ActiveCfg = Debug|Any CPU
		{FD126561-119C-46D8-8545-5DA5DDFB8A3A}.Debug|Any CPU.Build.0 = Debug|Any CPU
		{FD126561-119C-46D8-8545-5DA5DDFB8A3A}.Release|Any CPU.ActiveCfg = Release|Any CPU
		{FD126561-119C-46D8-8545-5DA5DDFB8A3A}.Release|Any CPU.Build.0 = Release|Any CPU
	EndGlobalSection
	GlobalSection(SolutionProperties) = preSolution
		HideSolutionNode = FALSE
	EndGlobalSection
	GlobalSection(ExtensibilityGlobals) = postSolution
		SolutionGuid = {8BC28679-FA53-430B-9501-44EC20856AD5}
	EndGlobalSection
EndGlobal
